
Microsoft Visual Studio Solution File, Format Version 12.00
# Visual Studio Version 16
VisualStudioVersion = 16.0.31005.135
MinimumVisualStudioVersion = 10.0.40219.1
Project("{FAE04EC0-301F-11D3-BF4B-00C04F79EFBC}") = "Ticari_Otomasyon", "Ticari_Otomasyon\Ticari_Otomasyon.csproj", "{6A4C917E-E4A0-413B-9255-11C5D7D89E3F}"
EndProject
Global
	GlobalSection(SolutionConfigurationPlatforms) = preSolution
		Debug|Any CPU = Debug|Any CPU
		Release|Any CPU = Release|Any CPU
	EndGlobalSection
	GlobalSection(ProjectConfigurationPlatforms) = postSolution
		{6A4C917E-E4A0-413B-9255-11C5D7D89E3F}.Debug|Any CPU.ActiveCfg = Debug|Any CPU
		{6A4C917E-E4A0-413B-9255-11C5D7D89E3F}.Debug|Any CPU.Build.0 = Debug|Any CPU
		{6A4C917E-E4A0-413B-9255-11C5D7D89E3F}.Release|Any CPU.ActiveCfg = Release|Any CPU
		{6A4C917E-E4A0-413B-9255-11C5D7D89E3F}.Release|Any CPU.Build.0 = Release|Any CPU
	EndGlobalSection
	GlobalSection(SolutionProperties) = preSolution
		HideSolutionNode = FALSE
	EndGlobalSection
	GlobalSection(ExtensibilityGlobals) = postSolution
		SolutionGuid = {5E3A795E-5078-462E-9FAA-D8E769DF5265}
	EndGlobalSection
EndGlobal
